
Microsoft Visual Studio Solution File, Format Version 12.00
# Visual Studio 15
VisualStudioVersion = 15.0.28307.757
MinimumVisualStudioVersion = 10.0.40219.1
Project("{9A19103F-16F7-4668-BE54-9A1E7A4F7556}") = "OAuthTest.Web", "OAuthTest\OAuthTest.Web.csproj", "{3CF5392C-2FD7-4889-A54B-BC275E740578}"
EndProject
Project("{9A19103F-16F7-4668-BE54-9A1E7A4F7556}") = "OAuthTest.IDP", "OAuthTest.IDP\OAuthTest.IDP.csproj", "{38134D21-7D2F-4A09-A3A9-067860DE7623}"
EndProject
Global
	GlobalSection(SolutionConfigurationPlatforms) = preSolution
		Debug|Any CPU = Debug|Any CPU
		Release|Any CPU = Release|Any CPU
	EndGlobalSection
	GlobalSection(ProjectConfigurationPlatforms) = postSolution
		{3CF5392C-2FD7-4889-A54B-BC275E740578}.Debug|Any CPU.ActiveCfg = Debug|Any CPU
		{3CF5392C-2FD7-4889-A54B-BC275E740578}.Debug|Any CPU.Build.0 = Debug|Any CPU
		{3CF5392C-2FD7-4889-A54B-BC275E740578}.Release|Any CPU.ActiveCfg = Release|Any CPU
		{3CF5392C-2FD7-4889-A54B-BC275E740578}.Release|Any CPU.Build.0 = Release|Any CPU
		{38134D21-7D2F-4A09-A3A9-067860DE7623}.Debug|Any CPU.ActiveCfg = Debug|Any CPU
		{38134D21-7D2F-4A09-A3A9-067860DE7623}.Debug|Any CPU.Build.0 = Debug|Any CPU
		{38134D21-7D2F-4A09-A3A9-067860DE7623}.Release|Any CPU.ActiveCfg = Release|Any CPU
		{38134D21-7D2F-4A09-A3A9-067860DE7623}.Release|Any CPU.Build.0 = Release|Any CPU
	EndGlobalSection
	GlobalSection(SolutionProperties) = preSolution
		HideSolutionNode = FALSE
	EndGlobalSection
	GlobalSection(ExtensibilityGlobals) = postSolution
		SolutionGuid = {210A8C95-374F-40A1-8E5D-DB33A7065D50}
	EndGlobalSection
EndGlobal
