
Microsoft Visual Studio Solution File, Format Version 12.00
# Visual Studio 15
VisualStudioVersion = 15.0.28307.757
MinimumVisualStudioVersion = 10.0.40219.1
Project("{9A19103F-16F7-4668-BE54-9A1E7A4F7556}") = "OAuthTest.IDP", "OAuthTest.IDP\OAuthTest.IDP.csproj", "{38134D21-7D2F-4A09-A3A9-067860DE7623}"
EndProject
Project("{9A19103F-16F7-4668-BE54-9A1E7A4F7556}") = "OAuthTest.Api", "OAuthTest.Api\OAuthTest.Api.csproj", "{ECAFBB26-CB35-4850-AAC8-39D7A38D5455}"
EndProject
Project("{9A19103F-16F7-4668-BE54-9A1E7A4F7556}") = "OAuthTest.Students", "OAuthTest.Students\OAuthTest.Students.csproj", "{F10593A9-A6F5-476C-B9D3-E77B3D09B326}"
EndProject
Project("{9A19103F-16F7-4668-BE54-9A1E7A4F7556}") = "OAuthTest.Constants", "OAuthTest.Constants\OAuthTest.Constants.csproj", "{458312C4-9F61-47C4-A75E-2F9286E7E412}"
EndProject
Project("{FAE04EC0-301F-11D3-BF4B-00C04F79EFBC}") = "OAuthTest.Teachers", "OAuthTest.Teachers\OAuthTest.Teachers.csproj", "{7DAEAE64-0D59-4B80-9565-F1B766C32F08}"
EndProject
Global
	GlobalSection(SolutionConfigurationPlatforms) = preSolution
		Debug|Any CPU = Debug|Any CPU
		Release|Any CPU = Release|Any CPU
	EndGlobalSection
	GlobalSection(ProjectConfigurationPlatforms) = postSolution
		{38134D21-7D2F-4A09-A3A9-067860DE7623}.Debug|Any CPU.ActiveCfg = Debug|Any CPU
		{38134D21-7D2F-4A09-A3A9-067860DE7623}.Debug|Any CPU.Build.0 = Debug|Any CPU
		{38134D21-7D2F-4A09-A3A9-067860DE7623}.Release|Any CPU.ActiveCfg = Release|Any CPU
		{38134D21-7D2F-4A09-A3A9-067860DE7623}.Release|Any CPU.Build.0 = Release|Any CPU
		{ECAFBB26-CB35-4850-AAC8-39D7A38D5455}.Debug|Any CPU.ActiveCfg = Debug|Any CPU
		{ECAFBB26-CB35-4850-AAC8-39D7A38D5455}.Debug|Any CPU.Build.0 = Debug|Any CPU
		{ECAFBB26-CB35-4850-AAC8-39D7A38D5455}.Release|Any CPU.ActiveCfg = Release|Any CPU
		{ECAFBB26-CB35-4850-AAC8-39D7A38D5455}.Release|Any CPU.Build.0 = Release|Any CPU
		{F10593A9-A6F5-476C-B9D3-E77B3D09B326}.Debug|Any CPU.ActiveCfg = Debug|Any CPU
		{F10593A9-A6F5-476C-B9D3-E77B3D09B326}.Debug|Any CPU.Build.0 = Debug|Any CPU
		{F10593A9-A6F5-476C-B9D3-E77B3D09B326}.Release|Any CPU.ActiveCfg = Release|Any CPU
		{F10593A9-A6F5-476C-B9D3-E77B3D09B326}.Release|Any CPU.Build.0 = Release|Any CPU
		{458312C4-9F61-47C4-A75E-2F9286E7E412}.Debug|Any CPU.ActiveCfg = Debug|Any CPU
		{458312C4-9F61-47C4-A75E-2F9286E7E412}.Debug|Any CPU.Build.0 = Debug|Any CPU
		{458312C4-9F61-47C4-A75E-2F9286E7E412}.Release|Any CPU.ActiveCfg = Release|Any CPU
		{458312C4-9F61-47C4-A75E-2F9286E7E412}.Release|Any CPU.Build.0 = Release|Any CPU
		{7DAEAE64-0D59-4B80-9565-F1B766C32F08}.Debug|Any CPU.ActiveCfg = Debug|Any CPU
		{7DAEAE64-0D59-4B80-9565-F1B766C32F08}.Debug|Any CPU.Build.0 = Debug|Any CPU
		{7DAEAE64-0D59-4B80-9565-F1B766C32F08}.Release|Any CPU.ActiveCfg = Release|Any CPU
		{7DAEAE64-0D59-4B80-9565-F1B766C32F08}.Release|Any CPU.Build.0 = Release|Any CPU
	EndGlobalSection
	GlobalSection(SolutionProperties) = preSolution
		HideSolutionNode = FALSE
	EndGlobalSection
	GlobalSection(ExtensibilityGlobals) = postSolution
		SolutionGuid = {210A8C95-374F-40A1-8E5D-DB33A7065D50}
	EndGlobalSection
EndGlobal
