
Microsoft Visual Studio Solution File, Format Version 12.00
# Visual Studio Version 16
VisualStudioVersion = 16.0.29728.190
MinimumVisualStudioVersion = 10.0.40219.1
Project("{9A19103F-16F7-4668-BE54-9A1E7A4F7556}") = "OAuthTest.ApiStudents", "OAuthTest.ApiStudents\OAuthTest.ApiStudents.csproj", "{ECAFBB26-CB35-4850-AAC8-39D7A38D5455}"
EndProject
Project("{9A19103F-16F7-4668-BE54-9A1E7A4F7556}") = "OAuthTest.Students", "OAuthTest.Students\OAuthTest.Students.csproj", "{F10593A9-A6F5-476C-B9D3-E77B3D09B326}"
EndProject
Project("{9A19103F-16F7-4668-BE54-9A1E7A4F7556}") = "OAuthTest.Constants", "OAuthTest.Constants\OAuthTest.Constants.csproj", "{458312C4-9F61-47C4-A75E-2F9286E7E412}"
EndProject
Project("{9A19103F-16F7-4668-BE54-9A1E7A4F7556}") = "OAuthTest.Teachers", "OAuthTest.Teachers\OAuthTest.Teachers.csproj", "{7DAEAE64-0D59-4B80-9565-F1B766C32F08}"
EndProject
Project("{9A19103F-16F7-4668-BE54-9A1E7A4F7556}") = "OAuthTest.ApiTeachers", "OAuthTest.ApiTeachers\OAuthTest.ApiTeachers.csproj", "{7D19CD69-68BB-47A3-8DFD-8E93ACF20843}"
EndProject
Project("{9A19103F-16F7-4668-BE54-9A1E7A4F7556}") = "OAuthTest.ApiCourses", "OAuthTest.ApiCourses\OAuthTest.ApiCourses.csproj", "{D504C9D7-1804-4A6B-90CA-2529EF7B1A14}"
EndProject
Project("{9A19103F-16F7-4668-BE54-9A1E7A4F7556}") = "OAuthTest.ApiGateway", "OAuthTest.ApiGateway\OAuthTest.ApiGateway.csproj", "{007C3BF0-2F33-4C19-A0FB-99738A509F83}"
EndProject
Project("{FAE04EC0-301F-11D3-BF4B-00C04F79EFBC}") = "OAuthTest.IDP", "OAuthTest.IDP\OAuthTest.IDP.csproj", "{C72049AA-4726-4E99-8933-7FB5B9FEB541}"
EndProject
Global
	GlobalSection(SolutionConfigurationPlatforms) = preSolution
		Debug|Any CPU = Debug|Any CPU
		Release|Any CPU = Release|Any CPU
	EndGlobalSection
	GlobalSection(ProjectConfigurationPlatforms) = postSolution
		{ECAFBB26-CB35-4850-AAC8-39D7A38D5455}.Debug|Any CPU.ActiveCfg = Debug|Any CPU
		{ECAFBB26-CB35-4850-AAC8-39D7A38D5455}.Debug|Any CPU.Build.0 = Debug|Any CPU
		{ECAFBB26-CB35-4850-AAC8-39D7A38D5455}.Release|Any CPU.ActiveCfg = Release|Any CPU
		{ECAFBB26-CB35-4850-AAC8-39D7A38D5455}.Release|Any CPU.Build.0 = Release|Any CPU
		{F10593A9-A6F5-476C-B9D3-E77B3D09B326}.Debug|Any CPU.ActiveCfg = Debug|Any CPU
		{F10593A9-A6F5-476C-B9D3-E77B3D09B326}.Debug|Any CPU.Build.0 = Debug|Any CPU
		{F10593A9-A6F5-476C-B9D3-E77B3D09B326}.Release|Any CPU.ActiveCfg = Release|Any CPU
		{F10593A9-A6F5-476C-B9D3-E77B3D09B326}.Release|Any CPU.Build.0 = Release|Any CPU
		{458312C4-9F61-47C4-A75E-2F9286E7E412}.Debug|Any CPU.ActiveCfg = Debug|Any CPU
		{458312C4-9F61-47C4-A75E-2F9286E7E412}.Debug|Any CPU.Build.0 = Debug|Any CPU
		{458312C4-9F61-47C4-A75E-2F9286E7E412}.Release|Any CPU.ActiveCfg = Release|Any CPU
		{458312C4-9F61-47C4-A75E-2F9286E7E412}.Release|Any CPU.Build.0 = Release|Any CPU
		{7DAEAE64-0D59-4B80-9565-F1B766C32F08}.Debug|Any CPU.ActiveCfg = Debug|Any CPU
		{7DAEAE64-0D59-4B80-9565-F1B766C32F08}.Debug|Any CPU.Build.0 = Debug|Any CPU
		{7DAEAE64-0D59-4B80-9565-F1B766C32F08}.Release|Any CPU.ActiveCfg = Release|Any CPU
		{7DAEAE64-0D59-4B80-9565-F1B766C32F08}.Release|Any CPU.Build.0 = Release|Any CPU
		{7D19CD69-68BB-47A3-8DFD-8E93ACF20843}.Debug|Any CPU.ActiveCfg = Debug|Any CPU
		{7D19CD69-68BB-47A3-8DFD-8E93ACF20843}.Debug|Any CPU.Build.0 = Debug|Any CPU
		{7D19CD69-68BB-47A3-8DFD-8E93ACF20843}.Release|Any CPU.ActiveCfg = Release|Any CPU
		{7D19CD69-68BB-47A3-8DFD-8E93ACF20843}.Release|Any CPU.Build.0 = Release|Any CPU
		{D504C9D7-1804-4A6B-90CA-2529EF7B1A14}.Debug|Any CPU.ActiveCfg = Debug|Any CPU
		{D504C9D7-1804-4A6B-90CA-2529EF7B1A14}.Debug|Any CPU.Build.0 = Debug|Any CPU
		{D504C9D7-1804-4A6B-90CA-2529EF7B1A14}.Release|Any CPU.ActiveCfg = Release|Any CPU
		{D504C9D7-1804-4A6B-90CA-2529EF7B1A14}.Release|Any CPU.Build.0 = Release|Any CPU
		{007C3BF0-2F33-4C19-A0FB-99738A509F83}.Debug|Any CPU.ActiveCfg = Debug|Any CPU
		{007C3BF0-2F33-4C19-A0FB-99738A509F83}.Debug|Any CPU.Build.0 = Debug|Any CPU
		{007C3BF0-2F33-4C19-A0FB-99738A509F83}.Release|Any CPU.ActiveCfg = Release|Any CPU
		{007C3BF0-2F33-4C19-A0FB-99738A509F83}.Release|Any CPU.Build.0 = Release|Any CPU
		{C72049AA-4726-4E99-8933-7FB5B9FEB541}.Debug|Any CPU.ActiveCfg = Debug|Any CPU
		{C72049AA-4726-4E99-8933-7FB5B9FEB541}.Debug|Any CPU.Build.0 = Debug|Any CPU
		{C72049AA-4726-4E99-8933-7FB5B9FEB541}.Release|Any CPU.ActiveCfg = Release|Any CPU
		{C72049AA-4726-4E99-8933-7FB5B9FEB541}.Release|Any CPU.Build.0 = Release|Any CPU
	EndGlobalSection
	GlobalSection(SolutionProperties) = preSolution
		HideSolutionNode = FALSE
	EndGlobalSection
	GlobalSection(ExtensibilityGlobals) = postSolution
		SolutionGuid = {210A8C95-374F-40A1-8E5D-DB33A7065D50}
	EndGlobalSection
EndGlobal
